
Microsoft Visual Studio Solution File, Format Version 12.00
# Visual Studio Version 16
VisualStudioVersion = 16.0.31702.278
MinimumVisualStudioVersion = 10.0.40219.1
Project("{FAE04EC0-301F-11D3-BF4B-00C04F79EFBC}") = "Ceremony", "Ceremony\Ceremony.csproj", "{15668B15-1820-4830-AF0D-901C09A25E8B}"
EndProject
Project("{FAE04EC0-301F-11D3-BF4B-00C04F79EFBC}") = "Ceremony.Models", "Ceremony.Models\Ceremony.Models.csproj", "{8EC9EEEF-15A4-4D65-A06F-4BB9A1470590}"
EndProject
Project("{FAE04EC0-301F-11D3-BF4B-00C04F79EFBC}") = "Ceremony.Service", "Ceremony.Service\Ceremony.Service.csproj", "{E9D0DCCF-BC76-49B8-921F-EF006BB805F8}"
EndProject
Project("{FAE04EC0-301F-11D3-BF4B-00C04F79EFBC}") = "DataTrans", "DataTrans\DataTrans.csproj", "{3D10B15F-5E08-46ED-A828-DAA9CCA413B0}"
EndProject
Project("{54435603-DBB4-11D2-8724-00A0C9A8B90C}") = "Setup", "Setup\Setup.vdproj", "{D4B94359-22F3-46CF-B411-A5D8087E671B}"
EndProject
Global
	GlobalSection(SolutionConfigurationPlatforms) = preSolution
		Debug|Any CPU = Debug|Any CPU
		Release|Any CPU = Release|Any CPU
	EndGlobalSection
	GlobalSection(ProjectConfigurationPlatforms) = postSolution
		{15668B15-1820-4830-AF0D-901C09A25E8B}.Debug|Any CPU.ActiveCfg = Debug|Any CPU
		{15668B15-1820-4830-AF0D-901C09A25E8B}.Debug|Any CPU.Build.0 = Debug|Any CPU
		{15668B15-1820-4830-AF0D-901C09A25E8B}.Release|Any CPU.ActiveCfg = Release|Any CPU
		{15668B15-1820-4830-AF0D-901C09A25E8B}.Release|Any CPU.Build.0 = Release|Any CPU
		{8EC9EEEF-15A4-4D65-A06F-4BB9A1470590}.Debug|Any CPU.ActiveCfg = Debug|Any CPU
		{8EC9EEEF-15A4-4D65-A06F-4BB9A1470590}.Debug|Any CPU.Build.0 = Debug|Any CPU
		{8EC9EEEF-15A4-4D65-A06F-4BB9A1470590}.Release|Any CPU.ActiveCfg = Release|Any CPU
		{8EC9EEEF-15A4-4D65-A06F-4BB9A1470590}.Release|Any CPU.Build.0 = Release|Any CPU
		{E9D0DCCF-BC76-49B8-921F-EF006BB805F8}.Debug|Any CPU.ActiveCfg = Debug|Any CPU
		{E9D0DCCF-BC76-49B8-921F-EF006BB805F8}.Debug|Any CPU.Build.0 = Debug|Any CPU
		{E9D0DCCF-BC76-49B8-921F-EF006BB805F8}.Release|Any CPU.ActiveCfg = Release|Any CPU
		{E9D0DCCF-BC76-49B8-921F-EF006BB805F8}.Release|Any CPU.Build.0 = Release|Any CPU
		{3D10B15F-5E08-46ED-A828-DAA9CCA413B0}.Debug|Any CPU.ActiveCfg = Debug|Any CPU
		{3D10B15F-5E08-46ED-A828-DAA9CCA413B0}.Debug|Any CPU.Build.0 = Debug|Any CPU
		{3D10B15F-5E08-46ED-A828-DAA9CCA413B0}.Release|Any CPU.ActiveCfg = Release|Any CPU
		{3D10B15F-5E08-46ED-A828-DAA9CCA413B0}.Release|Any CPU.Build.0 = Release|Any CPU
		{D4B94359-22F3-46CF-B411-A5D8087E671B}.Debug|Any CPU.ActiveCfg = Debug
		{D4B94359-22F3-46CF-B411-A5D8087E671B}.Release|Any CPU.ActiveCfg = Release
	EndGlobalSection
	GlobalSection(SolutionProperties) = preSolution
		HideSolutionNode = FALSE
	EndGlobalSection
	GlobalSection(ExtensibilityGlobals) = postSolution
		SolutionGuid = {93C9C315-430C-4C50-9FDB-7CE5F7EDF759}
	EndGlobalSection
EndGlobal
